
Microsoft Visual Studio Solution File, Format Version 12.00
# Visual Studio Version 17
VisualStudioVersion = 17.11.35327.3
MinimumVisualStudioVersion = 10.0.40219.1
Project("{8BC9CEB8-8B4A-11D0-8D11-00A0C91BC942}") = "TetrisGame", "TetrisGame\TetrisGame.vcxproj", "{4B0E5C23-5627-420B-A1D2-03C6812D618E}"
EndProject
Global
	GlobalSection(SolutionConfigurationPlatforms) = preSolution
		Debug|x64 = Debug|x64
		Debug|x86 = Debug|x86
		Release|x64 = Release|x64
		Release|x86 = Release|x86
	EndGlobalSection
	GlobalSection(ProjectConfigurationPlatforms) = postSolution
		{4B0E5C23-5627-420B-A1D2-03C6812D618E}.Debug|x64.ActiveCfg = Debug|x64
		{4B0E5C23-5627-420B-A1D2-03C6812D618E}.Debug|x64.Build.0 = Debug|x64
		{4B0E5C23-5627-420B-A1D2-03C6812D618E}.Debug|x86.ActiveCfg = Debug|Win32
		{4B0E5C23-5627-420B-A1D2-03C6812D618E}.Debug|x86.Build.0 = Debug|Win32
		{4B0E5C23-5627-420B-A1D2-03C6812D618E}.Release|x64.ActiveCfg = Release|x64
		{4B0E5C23-5627-420B-A1D2-03C6812D618E}.Release|x64.Build.0 = Release|x64
		{4B0E5C23-5627-420B-A1D2-03C6812D618E}.Release|x86.ActiveCfg = Release|Win32
		{4B0E5C23-5627-420B-A1D2-03C6812D618E}.Release|x86.Build.0 = Release|Win32
	EndGlobalSection
	GlobalSection(SolutionProperties) = preSolution
		HideSolutionNode = FALSE
	EndGlobalSection
	GlobalSection(ExtensibilityGlobals) = postSolution
		SolutionGuid = {DE188A65-8B82-408A-8827-B1133F7D1D0C}
	EndGlobalSection
EndGlobal
